
Microsoft Visual Studio Solution File, Format Version 12.00
# Visual Studio Version 17
VisualStudioVersion = 17.10.35013.160
MinimumVisualStudioVersion = 10.0.40219.1
Project("{FAE04EC0-301F-11D3-BF4B-00C04F79EFBC}") = "DienTichHinhChuNhat", "DienTichHinhChuNhat.csproj", "{B6453B47-FC3C-44EE-9F17-DA3D21CC74EC}"
EndProject
Global
	GlobalSection(SolutionConfigurationPlatforms) = preSolution
		Debug|Any CPU = Debug|Any CPU
		Release|Any CPU = Release|Any CPU
	EndGlobalSection
	GlobalSection(ProjectConfigurationPlatforms) = postSolution
		{B6453B47-FC3C-44EE-9F17-DA3D21CC74EC}.Debug|Any CPU.ActiveCfg = Debug|Any CPU
		{B6453B47-FC3C-44EE-9F17-DA3D21CC74EC}.Debug|Any CPU.Build.0 = Debug|Any CPU
		{B6453B47-FC3C-44EE-9F17-DA3D21CC74EC}.Release|Any CPU.ActiveCfg = Release|Any CPU
		{B6453B47-FC3C-44EE-9F17-DA3D21CC74EC}.Release|Any CPU.Build.0 = Release|Any CPU
	EndGlobalSection
	GlobalSection(SolutionProperties) = preSolution
		HideSolutionNode = FALSE
	EndGlobalSection
	GlobalSection(ExtensibilityGlobals) = postSolution
		SolutionGuid = {54817174-7460-4437-9D08-3C9C160AC868}
	EndGlobalSection
EndGlobal
